
Microsoft Visual Studio Solution File, Format Version 12.00
# Visual Studio Version 17
VisualStudioVersion = 17.11.35303.130
MinimumVisualStudioVersion = 10.0.40219.1
Project("{9A19103F-16F7-4668-BE54-9A1E7A4F7556}") = "Shopper.Web", "Shopper.Web\Shopper.Web.csproj", "{D9BA782F-5719-462E-AE99-A7C104E6E658}"
EndProject
Project("{FAE04EC0-301F-11D3-BF4B-00C04F79EFBC}") = "Shopper.Data", "Shopper.Data\Shopper.Data.csproj", "{20F42B69-BFAF-4B4D-A023-07FC9446651A}"
EndProject
Project("{FAE04EC0-301F-11D3-BF4B-00C04F79EFBC}") = "Shopper.Infrastructure", "Shopper.Infrastructure\Shopper.Infrastructure.csproj", "{2FE7A75D-E3D6-4117-9543-3CD50A448461}"
EndProject
Global
	GlobalSection(SolutionConfigurationPlatforms) = preSolution
		Debug|Any CPU = Debug|Any CPU
		Release|Any CPU = Release|Any CPU
	EndGlobalSection
	GlobalSection(ProjectConfigurationPlatforms) = postSolution
		{D9BA782F-5719-462E-AE99-A7C104E6E658}.Debug|Any CPU.ActiveCfg = Debug|Any CPU
		{D9BA782F-5719-462E-AE99-A7C104E6E658}.Debug|Any CPU.Build.0 = Debug|Any CPU
		{D9BA782F-5719-462E-AE99-A7C104E6E658}.Release|Any CPU.ActiveCfg = Release|Any CPU
		{D9BA782F-5719-462E-AE99-A7C104E6E658}.Release|Any CPU.Build.0 = Release|Any CPU
		{20F42B69-BFAF-4B4D-A023-07FC9446651A}.Debug|Any CPU.ActiveCfg = Debug|Any CPU
		{20F42B69-BFAF-4B4D-A023-07FC9446651A}.Debug|Any CPU.Build.0 = Debug|Any CPU
		{20F42B69-BFAF-4B4D-A023-07FC9446651A}.Release|Any CPU.ActiveCfg = Release|Any CPU
		{20F42B69-BFAF-4B4D-A023-07FC9446651A}.Release|Any CPU.Build.0 = Release|Any CPU
		{2FE7A75D-E3D6-4117-9543-3CD50A448461}.Debug|Any CPU.ActiveCfg = Debug|Any CPU
		{2FE7A75D-E3D6-4117-9543-3CD50A448461}.Debug|Any CPU.Build.0 = Debug|Any CPU
		{2FE7A75D-E3D6-4117-9543-3CD50A448461}.Release|Any CPU.ActiveCfg = Release|Any CPU
		{2FE7A75D-E3D6-4117-9543-3CD50A448461}.Release|Any CPU.Build.0 = Release|Any CPU
	EndGlobalSection
	GlobalSection(SolutionProperties) = preSolution
		HideSolutionNode = FALSE
	EndGlobalSection
	GlobalSection(ExtensibilityGlobals) = postSolution
		SolutionGuid = {902E21EF-579D-47CA-96BD-C36345B831FC}
	EndGlobalSection
EndGlobal
